
Microsoft Visual Studio Solution File, Format Version 12.00
# Visual Studio Version 17
VisualStudioVersion = 17.0.31903.59
MinimumVisualStudioVersion = 10.0.40219.1
Project("{FAE04EC0-301F-11D3-BF4B-00C04F79EFBC}") = "FirstApp", "FirstApp\FirstApp.csproj", "{FC8C65F0-7E4C-4962-8030-BC783FE51220}"
EndProject
Project("{FAE04EC0-301F-11D3-BF4B-00C04F79EFBC}") = "SecondApp", "SecondApp\SecondApp.csproj", "{8606BF13-4B2C-4894-90AF-25ACC1FCAF7E}"
EndProject
Global
	GlobalSection(SolutionConfigurationPlatforms) = preSolution
		Debug|Any CPU = Debug|Any CPU
		Release|Any CPU = Release|Any CPU
	EndGlobalSection
	GlobalSection(SolutionProperties) = preSolution
		HideSolutionNode = FALSE
	EndGlobalSection
	GlobalSection(ProjectConfigurationPlatforms) = postSolution
		{FC8C65F0-7E4C-4962-8030-BC783FE51220}.Debug|Any CPU.ActiveCfg = Debug|Any CPU
		{FC8C65F0-7E4C-4962-8030-BC783FE51220}.Debug|Any CPU.Build.0 = Debug|Any CPU
		{FC8C65F0-7E4C-4962-8030-BC783FE51220}.Release|Any CPU.ActiveCfg = Release|Any CPU
		{FC8C65F0-7E4C-4962-8030-BC783FE51220}.Release|Any CPU.Build.0 = Release|Any CPU
		{8606BF13-4B2C-4894-90AF-25ACC1FCAF7E}.Debug|Any CPU.ActiveCfg = Debug|Any CPU
		{8606BF13-4B2C-4894-90AF-25ACC1FCAF7E}.Debug|Any CPU.Build.0 = Debug|Any CPU
		{8606BF13-4B2C-4894-90AF-25ACC1FCAF7E}.Release|Any CPU.ActiveCfg = Release|Any CPU
		{8606BF13-4B2C-4894-90AF-25ACC1FCAF7E}.Release|Any CPU.Build.0 = Release|Any CPU
	EndGlobalSection
EndGlobal
