
Microsoft Visual Studio Solution File, Format Version 12.00
# Visual Studio Version 17
VisualStudioVersion = 17.0.31903.59
MinimumVisualStudioVersion = 10.0.40219.1
Project("{FAE04EC0-301F-11D3-BF4B-00C04F79EFBC}") = "server_asp", "server_asp\server_asp.csproj", "{786CB18D-21A2-4606-9128-C17898E210CD}"
EndProject
Project("{FAE04EC0-301F-11D3-BF4B-00C04F79EFBC}") = "client_asp", "client_asp\client_asp.csproj", "{5C841F39-2388-4242-B7EE-15A9D16F6002}"
EndProject
Global
	GlobalSection(SolutionConfigurationPlatforms) = preSolution
		Debug|Any CPU = Debug|Any CPU
		Release|Any CPU = Release|Any CPU
	EndGlobalSection
	GlobalSection(SolutionProperties) = preSolution
		HideSolutionNode = FALSE
	EndGlobalSection
	GlobalSection(ProjectConfigurationPlatforms) = postSolution
		{786CB18D-21A2-4606-9128-C17898E210CD}.Debug|Any CPU.ActiveCfg = Debug|Any CPU
		{786CB18D-21A2-4606-9128-C17898E210CD}.Debug|Any CPU.Build.0 = Debug|Any CPU
		{786CB18D-21A2-4606-9128-C17898E210CD}.Release|Any CPU.ActiveCfg = Release|Any CPU
		{786CB18D-21A2-4606-9128-C17898E210CD}.Release|Any CPU.Build.0 = Release|Any CPU
		{5C841F39-2388-4242-B7EE-15A9D16F6002}.Debug|Any CPU.ActiveCfg = Debug|Any CPU
		{5C841F39-2388-4242-B7EE-15A9D16F6002}.Debug|Any CPU.Build.0 = Debug|Any CPU
		{5C841F39-2388-4242-B7EE-15A9D16F6002}.Release|Any CPU.ActiveCfg = Release|Any CPU
		{5C841F39-2388-4242-B7EE-15A9D16F6002}.Release|Any CPU.Build.0 = Release|Any CPU
	EndGlobalSection
EndGlobal
