
Microsoft Visual Studio Solution File, Format Version 12.00
# Visual Studio Version 16
VisualStudioVersion = 16.0.30114.105
MinimumVisualStudioVersion = 10.0.40219.1
Project("{FAE04EC0-301F-11D3-BF4B-00C04F79EFBC}") = "proj1", "proj1\proj1.csproj", "{D0BC043C-B871-4221-9420-6D78ADB74FEF}"
EndProject
Project("{FAE04EC0-301F-11D3-BF4B-00C04F79EFBC}") = "proj2", "proj2\proj2.csproj", "{03DFAB2B-F354-4E6D-9031-22A9D08EAC94}"
EndProject
Global
	GlobalSection(SolutionConfigurationPlatforms) = preSolution
		Debug|Any CPU = Debug|Any CPU
		Release|Any CPU = Release|Any CPU
	EndGlobalSection
	GlobalSection(SolutionProperties) = preSolution
		HideSolutionNode = FALSE
	EndGlobalSection
	GlobalSection(ProjectConfigurationPlatforms) = postSolution
		{D0BC043C-B871-4221-9420-6D78ADB74FEF}.Debug|Any CPU.ActiveCfg = Debug|Any CPU
		{D0BC043C-B871-4221-9420-6D78ADB74FEF}.Debug|Any CPU.Build.0 = Debug|Any CPU
		{D0BC043C-B871-4221-9420-6D78ADB74FEF}.Release|Any CPU.ActiveCfg = Release|Any CPU
		{D0BC043C-B871-4221-9420-6D78ADB74FEF}.Release|Any CPU.Build.0 = Release|Any CPU
		{03DFAB2B-F354-4E6D-9031-22A9D08EAC94}.Debug|Any CPU.ActiveCfg = Debug|Any CPU
		{03DFAB2B-F354-4E6D-9031-22A9D08EAC94}.Debug|Any CPU.Build.0 = Debug|Any CPU
		{03DFAB2B-F354-4E6D-9031-22A9D08EAC94}.Release|Any CPU.ActiveCfg = Release|Any CPU
		{03DFAB2B-F354-4E6D-9031-22A9D08EAC94}.Release|Any CPU.Build.0 = Release|Any CPU
	EndGlobalSection
EndGlobal
